{
  "name": "trade-history",
  "version": "0.0.0",
  "lockfileVersion": 1,
  "requires": true,
  "dependencies": {
    "etch": {
      "version": "0.12.7",
      "resolved": "https://registry.npmjs.org/etch/-/etch-0.12.7.tgz",
      "integrity": "sha512-rSmMSnhd4NpVHg1JThRzxRLWiF6QVqAsuObdPH7rsE5FaM4prj1BAcZJr812CQAMUsB3eJWCaL9y6lmv3E2qgg=="
    },
    "moment": {
      "version": "2.19.4",
      "resolved": "https://registry.npmjs.org/moment/-/moment-2.19.4.tgz",
      "integrity": "sha512-1xFTAknSLfc47DIxHDUbnJWC+UwgWxATmymaxIPQpmMh7LBm7ZbwVEsuushqwL2GYZU0jie4xO+TK44hJPjNSQ=="
    },
    "underscore": {
      "version": "1.6.0",
      "resolved": "https://registry.npmjs.org/underscore/-/underscore-1.6.0.tgz",
      "integrity": "sha1-izixDKze9jM3uLJOT/htRa6lKag="
    },
    "underscore-plus": {
      "version": "1.6.6",
      "resolved": "https://registry.npmjs.org/underscore-plus/-/underscore-plus-1.6.6.tgz",
      "integrity": "sha1-ZezeG9xEGjXYnmUP1w3PE65Dmn0=",
      "requires": {
        "underscore": "1.6.0"
      }
    },
    "via-table": {
      "version": "0.0.1",
      "resolved": "https://registry.npmjs.org/via-table/-/via-table-0.0.1.tgz",
      "integrity": "sha512-8la6+F1m39+QZYufmzDD3RnufG90mkQjw1yBxD8VSV1M7Ldh8B3nrzFJ6KIGB4UtQcN5Ra6TdoVsE1Jn/hL2PQ==",
      "requires": {
        "etch": "0.12.7",
        "underscore-plus": "1.6.6"
      }
    }
  }
}
